
Microsoft Visual Studio Solution File, Format Version 12.00
# Visual Studio Version 17
VisualStudioVersion = 17.14.36518.9
MinimumVisualStudioVersion = 10.0.40219.1
Project("{FAE04EC0-301F-11D3-BF4B-00C04F79EFBC}") = "Foodish.EntityLayer", "FoodishEntityLayer\Foodish.EntityLayer.csproj", "{812ECE45-A8D1-4C70-8C43-0AC2B34F007A}"
EndProject
Project("{FAE04EC0-301F-11D3-BF4B-00C04F79EFBC}") = "Foodish.DataAccessLayer", "Foodish.DataAccessLayer\Foodish.DataAccessLayer.csproj", "{BA74ACE9-04AB-4A9A-945F-CC2C2266620B}"
EndProject
Project("{FAE04EC0-301F-11D3-BF4B-00C04F79EFBC}") = "Foodish.BusinessLayer", "Foodish.BusinessLayer\Foodish.BusinessLayer.csproj", "{A49832EE-D151-48BC-B0EF-6B25ACE36C32}"
EndProject
Project("{FAE04EC0-301F-11D3-BF4B-00C04F79EFBC}") = "Foodish.PresentationLayer", "Foodish.PresentationLayer\Foodish.PresentationLayer.csproj", "{29F8B3F9-74F9-42A2-B1EE-D19D0E4DBF69}"
EndProject
Project("{FAE04EC0-301F-11D3-BF4B-00C04F79EFBC}") = "Foodish.DtoLayer", "Foody.DtoLayer\Foodish.DtoLayer.csproj", "{90E4ADD4-0CC2-4531-BC5E-CC350E756923}"
EndProject
Global
	GlobalSection(SolutionConfigurationPlatforms) = preSolution
		Debug|Any CPU = Debug|Any CPU
		Release|Any CPU = Release|Any CPU
	EndGlobalSection
	GlobalSection(ProjectConfigurationPlatforms) = postSolution
		{812ECE45-A8D1-4C70-8C43-0AC2B34F007A}.Debug|Any CPU.ActiveCfg = Debug|Any CPU
		{812ECE45-A8D1-4C70-8C43-0AC2B34F007A}.Debug|Any CPU.Build.0 = Debug|Any CPU
		{812ECE45-A8D1-4C70-8C43-0AC2B34F007A}.Release|Any CPU.ActiveCfg = Release|Any CPU
		{812ECE45-A8D1-4C70-8C43-0AC2B34F007A}.Release|Any CPU.Build.0 = Release|Any CPU
		{BA74ACE9-04AB-4A9A-945F-CC2C2266620B}.Debug|Any CPU.ActiveCfg = Debug|Any CPU
		{BA74ACE9-04AB-4A9A-945F-CC2C2266620B}.Debug|Any CPU.Build.0 = Debug|Any CPU
		{BA74ACE9-04AB-4A9A-945F-CC2C2266620B}.Release|Any CPU.ActiveCfg = Release|Any CPU
		{BA74ACE9-04AB-4A9A-945F-CC2C2266620B}.Release|Any CPU.Build.0 = Release|Any CPU
		{A49832EE-D151-48BC-B0EF-6B25ACE36C32}.Debug|Any CPU.ActiveCfg = Debug|Any CPU
		{A49832EE-D151-48BC-B0EF-6B25ACE36C32}.Debug|Any CPU.Build.0 = Debug|Any CPU
		{A49832EE-D151-48BC-B0EF-6B25ACE36C32}.Release|Any CPU.ActiveCfg = Release|Any CPU
		{A49832EE-D151-48BC-B0EF-6B25ACE36C32}.Release|Any CPU.Build.0 = Release|Any CPU
		{29F8B3F9-74F9-42A2-B1EE-D19D0E4DBF69}.Debug|Any CPU.ActiveCfg = Debug|Any CPU
		{29F8B3F9-74F9-42A2-B1EE-D19D0E4DBF69}.Debug|Any CPU.Build.0 = Debug|Any CPU
		{29F8B3F9-74F9-42A2-B1EE-D19D0E4DBF69}.Release|Any CPU.ActiveCfg = Release|Any CPU
		{29F8B3F9-74F9-42A2-B1EE-D19D0E4DBF69}.Release|Any CPU.Build.0 = Release|Any CPU
		{90E4ADD4-0CC2-4531-BC5E-CC350E756923}.Debug|Any CPU.ActiveCfg = Debug|Any CPU
		{90E4ADD4-0CC2-4531-BC5E-CC350E756923}.Debug|Any CPU.Build.0 = Debug|Any CPU
		{90E4ADD4-0CC2-4531-BC5E-CC350E756923}.Release|Any CPU.ActiveCfg = Release|Any CPU
		{90E4ADD4-0CC2-4531-BC5E-CC350E756923}.Release|Any CPU.Build.0 = Release|Any CPU
	EndGlobalSection
	GlobalSection(SolutionProperties) = preSolution
		HideSolutionNode = FALSE
	EndGlobalSection
	GlobalSection(ExtensibilityGlobals) = postSolution
		SolutionGuid = {21165A7C-34C1-4750-9200-4FB5F9DC55F3}
	EndGlobalSection
EndGlobal
